
Microsoft Visual Studio Solution File, Format Version 12.00
# Visual Studio 2013
VisualStudioVersion = 12.0.30501.0
MinimumVisualStudioVersion = 10.0.40219.1
Project("{FAE04EC0-301F-11D3-BF4B-00C04F79EFBC}") = "LMDB.NET", "src\LMDB.NET\LMDB.NET.csproj", "{4A034D32-98A2-4A6D-9569-D26B5C151AE0}"
EndProject
Project("{FAE04EC0-301F-11D3-BF4B-00C04F79EFBC}") = "LMDB.NET.Tests", "src\LMDB.NET.Tests\LMDB.NET.Tests.csproj", "{0AC99249-D4E2-4512-9F62-7F1D636B8BA5}"
EndProject
Project("{2150E333-8FDC-42A3-9474-1A3956D46DE8}") = "project", "project", "{A266579D-9C9B-4F04-A7AE-13B4AB6AEA27}"
	ProjectSection(SolutionItems) = preProject
		README.md = README.md
	EndProjectSection
EndProject
Project("{8BC9CEB8-8B4A-11D0-8D11-00A0C91BC942}") = "lmdb", "src\lmdb\lmdb.vcxproj", "{5D2D2296-C64C-4827-BA12-4D93C627ED49}"
EndProject
Project("{2150E333-8FDC-42A3-9474-1A3956D46DE8}") = "native", "native", "{49542FF5-78B3-4F7F-AD24-DE27175C2175}"
EndProject
Project("{8BC9CEB8-8B4A-11D0-8D11-00A0C91BC942}") = "lmdb.test", "src\lmdb\liblmdb.test.vcxproj", "{6DF191CB-6A9E-4563-ABBE-12A29769BE7F}"
EndProject
Project("{8BC9CEB8-8B4A-11D0-8D11-00A0C91BC942}") = "lmdb.test2", "src\lmdb\liblmdb.test2.vcxproj", "{D2B7415E-2C84-451E-83CE-350B2FE2E073}"
EndProject
Project("{8BC9CEB8-8B4A-11D0-8D11-00A0C91BC942}") = "lmdb.test3", "src\lmdb\liblmdb.test3.vcxproj", "{722064FC-8D67-42BA-B776-1818092327B0}"
EndProject
Project("{8BC9CEB8-8B4A-11D0-8D11-00A0C91BC942}") = "lmdb.test4", "src\lmdb\liblmdb.test4.vcxproj", "{732851CB-9A15-4E8A-BBF4-510F2EF29782}"
EndProject
Project("{8BC9CEB8-8B4A-11D0-8D11-00A0C91BC942}") = "lmdb.test5", "src\lmdb\liblmdb.test5.vcxproj", "{8CE87A33-A653-4FFB-80F7-F99418DE0ACB}"
EndProject
Project("{8BC9CEB8-8B4A-11D0-8D11-00A0C91BC942}") = "lmdb.test6", "src\lmdb\liblmdb.test6.vcxproj", "{73ED25A3-AA65-4E3C-83B0-3F338829A5C4}"
EndProject
Global
	GlobalSection(SolutionConfigurationPlatforms) = preSolution
		Debug|Any CPU = Debug|Any CPU
		Debug|x64 = Debug|x64
		Debug|x86 = Debug|x86
		Release|Any CPU = Release|Any CPU
		Release|x64 = Release|x64
		Release|x86 = Release|x86
	EndGlobalSection
	GlobalSection(ProjectConfigurationPlatforms) = postSolution
		{4A034D32-98A2-4A6D-9569-D26B5C151AE0}.Debug|Any CPU.ActiveCfg = Debug|Any CPU
		{4A034D32-98A2-4A6D-9569-D26B5C151AE0}.Debug|Any CPU.Build.0 = Debug|Any CPU
		{4A034D32-98A2-4A6D-9569-D26B5C151AE0}.Debug|x64.ActiveCfg = Debug|x64
		{4A034D32-98A2-4A6D-9569-D26B5C151AE0}.Debug|x64.Build.0 = Debug|x64
		{4A034D32-98A2-4A6D-9569-D26B5C151AE0}.Debug|x86.ActiveCfg = Debug|x86
		{4A034D32-98A2-4A6D-9569-D26B5C151AE0}.Debug|x86.Build.0 = Debug|x86
		{4A034D32-98A2-4A6D-9569-D26B5C151AE0}.Release|Any CPU.ActiveCfg = Release|Any CPU
		{4A034D32-98A2-4A6D-9569-D26B5C151AE0}.Release|Any CPU.Build.0 = Release|Any CPU
		{4A034D32-98A2-4A6D-9569-D26B5C151AE0}.Release|x64.ActiveCfg = Release|x64
		{4A034D32-98A2-4A6D-9569-D26B5C151AE0}.Release|x64.Build.0 = Release|x64
		{4A034D32-98A2-4A6D-9569-D26B5C151AE0}.Release|x86.ActiveCfg = Release|x86
		{4A034D32-98A2-4A6D-9569-D26B5C151AE0}.Release|x86.Build.0 = Release|x86
		{0AC99249-D4E2-4512-9F62-7F1D636B8BA5}.Debug|Any CPU.ActiveCfg = Debug|Any CPU
		{0AC99249-D4E2-4512-9F62-7F1D636B8BA5}.Debug|Any CPU.Build.0 = Debug|Any CPU
		{0AC99249-D4E2-4512-9F62-7F1D636B8BA5}.Debug|x64.ActiveCfg = Debug|x64
		{0AC99249-D4E2-4512-9F62-7F1D636B8BA5}.Debug|x64.Build.0 = Debug|x64
		{0AC99249-D4E2-4512-9F62-7F1D636B8BA5}.Debug|x86.ActiveCfg = Debug|x86
		{0AC99249-D4E2-4512-9F62-7F1D636B8BA5}.Debug|x86.Build.0 = Debug|x86
		{0AC99249-D4E2-4512-9F62-7F1D636B8BA5}.Release|Any CPU.ActiveCfg = Release|Any CPU
		{0AC99249-D4E2-4512-9F62-7F1D636B8BA5}.Release|Any CPU.Build.0 = Release|Any CPU
		{0AC99249-D4E2-4512-9F62-7F1D636B8BA5}.Release|x64.ActiveCfg = Release|x64
		{0AC99249-D4E2-4512-9F62-7F1D636B8BA5}.Release|x64.Build.0 = Release|x64
		{0AC99249-D4E2-4512-9F62-7F1D636B8BA5}.Release|x86.ActiveCfg = Release|x86
		{0AC99249-D4E2-4512-9F62-7F1D636B8BA5}.Release|x86.Build.0 = Release|x86
		{5D2D2296-C64C-4827-BA12-4D93C627ED49}.Debug|Any CPU.ActiveCfg = Debug|Win32
		{5D2D2296-C64C-4827-BA12-4D93C627ED49}.Debug|x64.ActiveCfg = Debug|x64
		{5D2D2296-C64C-4827-BA12-4D93C627ED49}.Debug|x86.ActiveCfg = Debug|Win32
		{5D2D2296-C64C-4827-BA12-4D93C627ED49}.Debug|x86.Build.0 = Debug|Win32
		{5D2D2296-C64C-4827-BA12-4D93C627ED49}.Release|Any CPU.ActiveCfg = Release|Win32
		{5D2D2296-C64C-4827-BA12-4D93C627ED49}.Release|x64.ActiveCfg = Release|x64
		{5D2D2296-C64C-4827-BA12-4D93C627ED49}.Release|x64.Build.0 = Release|x64
		{5D2D2296-C64C-4827-BA12-4D93C627ED49}.Release|x86.ActiveCfg = Release|Win32
		{5D2D2296-C64C-4827-BA12-4D93C627ED49}.Release|x86.Build.0 = Release|Win32
		{6DF191CB-6A9E-4563-ABBE-12A29769BE7F}.Debug|Any CPU.ActiveCfg = Debug|Win32
		{6DF191CB-6A9E-4563-ABBE-12A29769BE7F}.Debug|x64.ActiveCfg = Debug|x64
		{6DF191CB-6A9E-4563-ABBE-12A29769BE7F}.Debug|x64.Build.0 = Debug|x64
		{6DF191CB-6A9E-4563-ABBE-12A29769BE7F}.Debug|x86.ActiveCfg = Debug|Win32
		{6DF191CB-6A9E-4563-ABBE-12A29769BE7F}.Debug|x86.Build.0 = Debug|Win32
		{6DF191CB-6A9E-4563-ABBE-12A29769BE7F}.Release|Any CPU.ActiveCfg = Release|Win32
		{6DF191CB-6A9E-4563-ABBE-12A29769BE7F}.Release|x64.ActiveCfg = Release|x64
		{6DF191CB-6A9E-4563-ABBE-12A29769BE7F}.Release|x64.Build.0 = Release|x64
		{6DF191CB-6A9E-4563-ABBE-12A29769BE7F}.Release|x86.ActiveCfg = Release|Win32
		{6DF191CB-6A9E-4563-ABBE-12A29769BE7F}.Release|x86.Build.0 = Release|Win32
		{D2B7415E-2C84-451E-83CE-350B2FE2E073}.Debug|Any CPU.ActiveCfg = Debug|Win32
		{D2B7415E-2C84-451E-83CE-350B2FE2E073}.Debug|x64.ActiveCfg = Debug|x64
		{D2B7415E-2C84-451E-83CE-350B2FE2E073}.Debug|x64.Build.0 = Debug|x64
		{D2B7415E-2C84-451E-83CE-350B2FE2E073}.Debug|x86.ActiveCfg = Debug|Win32
		{D2B7415E-2C84-451E-83CE-350B2FE2E073}.Debug|x86.Build.0 = Debug|Win32
		{D2B7415E-2C84-451E-83CE-350B2FE2E073}.Release|Any CPU.ActiveCfg = Release|Win32
		{D2B7415E-2C84-451E-83CE-350B2FE2E073}.Release|x64.ActiveCfg = Release|x64
		{D2B7415E-2C84-451E-83CE-350B2FE2E073}.Release|x64.Build.0 = Release|x64
		{D2B7415E-2C84-451E-83CE-350B2FE2E073}.Release|x86.ActiveCfg = Release|Win32
		{D2B7415E-2C84-451E-83CE-350B2FE2E073}.Release|x86.Build.0 = Release|Win32
		{722064FC-8D67-42BA-B776-1818092327B0}.Debug|Any CPU.ActiveCfg = Debug|Win32
		{722064FC-8D67-42BA-B776-1818092327B0}.Debug|x64.ActiveCfg = Debug|x64
		{722064FC-8D67-42BA-B776-1818092327B0}.Debug|x64.Build.0 = Debug|x64
		{722064FC-8D67-42BA-B776-1818092327B0}.Debug|x86.ActiveCfg = Debug|Win32
		{722064FC-8D67-42BA-B776-1818092327B0}.Debug|x86.Build.0 = Debug|Win32
		{722064FC-8D67-42BA-B776-1818092327B0}.Release|Any CPU.ActiveCfg = Release|Win32
		{722064FC-8D67-42BA-B776-1818092327B0}.Release|x64.ActiveCfg = Release|x64
		{722064FC-8D67-42BA-B776-1818092327B0}.Release|x64.Build.0 = Release|x64
		{722064FC-8D67-42BA-B776-1818092327B0}.Release|x86.ActiveCfg = Release|Win32
		{722064FC-8D67-42BA-B776-1818092327B0}.Release|x86.Build.0 = Release|Win32
		{732851CB-9A15-4E8A-BBF4-510F2EF29782}.Debug|Any CPU.ActiveCfg = Debug|Win32
		{732851CB-9A15-4E8A-BBF4-510F2EF29782}.Debug|x64.ActiveCfg = Debug|x64
		{732851CB-9A15-4E8A-BBF4-510F2EF29782}.Debug|x64.Build.0 = Debug|x64
		{732851CB-9A15-4E8A-BBF4-510F2EF29782}.Debug|x86.ActiveCfg = Debug|Win32
		{732851CB-9A15-4E8A-BBF4-510F2EF29782}.Debug|x86.Build.0 = Debug|Win32
		{732851CB-9A15-4E8A-BBF4-510F2EF29782}.Release|Any CPU.ActiveCfg = Release|Win32
		{732851CB-9A15-4E8A-BBF4-510F2EF29782}.Release|x64.ActiveCfg = Release|x64
		{732851CB-9A15-4E8A-BBF4-510F2EF29782}.Release|x64.Build.0 = Release|x64
		{732851CB-9A15-4E8A-BBF4-510F2EF29782}.Release|x86.ActiveCfg = Release|Win32
		{732851CB-9A15-4E8A-BBF4-510F2EF29782}.Release|x86.Build.0 = Release|Win32
		{8CE87A33-A653-4FFB-80F7-F99418DE0ACB}.Debug|Any CPU.ActiveCfg = Debug|Win32
		{8CE87A33-A653-4FFB-80F7-F99418DE0ACB}.Debug|x64.ActiveCfg = Debug|x64
		{8CE87A33-A653-4FFB-80F7-F99418DE0ACB}.Debug|x64.Build.0 = Debug|x64
		{8CE87A33-A653-4FFB-80F7-F99418DE0ACB}.Debug|x86.ActiveCfg = Debug|Win32
		{8CE87A33-A653-4FFB-80F7-F99418DE0ACB}.Debug|x86.Build.0 = Debug|Win32
		{8CE87A33-A653-4FFB-80F7-F99418DE0ACB}.Release|Any CPU.ActiveCfg = Release|Win32
		{8CE87A33-A653-4FFB-80F7-F99418DE0ACB}.Release|x64.ActiveCfg = Release|x64
		{8CE87A33-A653-4FFB-80F7-F99418DE0ACB}.Release|x64.Build.0 = Release|x64
		{8CE87A33-A653-4FFB-80F7-F99418DE0ACB}.Release|x86.ActiveCfg = Release|Win32
		{8CE87A33-A653-4FFB-80F7-F99418DE0ACB}.Release|x86.Build.0 = Release|Win32
		{73ED25A3-AA65-4E3C-83B0-3F338829A5C4}.Debug|Any CPU.ActiveCfg = Debug|Win32
		{73ED25A3-AA65-4E3C-83B0-3F338829A5C4}.Debug|x64.ActiveCfg = Debug|x64
		{73ED25A3-AA65-4E3C-83B0-3F338829A5C4}.Debug|x64.Build.0 = Debug|x64
		{73ED25A3-AA65-4E3C-83B0-3F338829A5C4}.Debug|x86.ActiveCfg = Debug|Win32
		{73ED25A3-AA65-4E3C-83B0-3F338829A5C4}.Debug|x86.Build.0 = Debug|Win32
		{73ED25A3-AA65-4E3C-83B0-3F338829A5C4}.Release|Any CPU.ActiveCfg = Release|Win32
		{73ED25A3-AA65-4E3C-83B0-3F338829A5C4}.Release|x64.ActiveCfg = Release|x64
		{73ED25A3-AA65-4E3C-83B0-3F338829A5C4}.Release|x64.Build.0 = Release|x64
		{73ED25A3-AA65-4E3C-83B0-3F338829A5C4}.Release|x86.ActiveCfg = Release|Win32
		{73ED25A3-AA65-4E3C-83B0-3F338829A5C4}.Release|x86.Build.0 = Release|Win32
	EndGlobalSection
	GlobalSection(SolutionProperties) = preSolution
		HideSolutionNode = FALSE
	EndGlobalSection
	GlobalSection(NestedProjects) = preSolution
		{5D2D2296-C64C-4827-BA12-4D93C627ED49} = {49542FF5-78B3-4F7F-AD24-DE27175C2175}
		{6DF191CB-6A9E-4563-ABBE-12A29769BE7F} = {49542FF5-78B3-4F7F-AD24-DE27175C2175}
		{D2B7415E-2C84-451E-83CE-350B2FE2E073} = {49542FF5-78B3-4F7F-AD24-DE27175C2175}
		{722064FC-8D67-42BA-B776-1818092327B0} = {49542FF5-78B3-4F7F-AD24-DE27175C2175}
		{732851CB-9A15-4E8A-BBF4-510F2EF29782} = {49542FF5-78B3-4F7F-AD24-DE27175C2175}
		{8CE87A33-A653-4FFB-80F7-F99418DE0ACB} = {49542FF5-78B3-4F7F-AD24-DE27175C2175}
		{73ED25A3-AA65-4E3C-83B0-3F338829A5C4} = {49542FF5-78B3-4F7F-AD24-DE27175C2175}
	EndGlobalSection
	GlobalSection(MonoDevelopProperties) = preSolution
		StartupItem = LightningDB\LightningDB.csproj
	EndGlobalSection
EndGlobal
